{
  "name": "datagen",
  "lockfileVersion": 3,
  "requires": true,
  "packages": {
    "": {
      "dependencies": {
        "smartart": "^1.0.0"
      }
    },
    "node_modules/smartart": {
      "version": "1.0.0",
      "resolved": "https://registry.npmjs.org/smartart/-/smartart-1.0.0.tgz",
      "integrity": "sha512-kAyaDbd4s6C2zaZoYFxYUSep4xnTP6g6fDMCiKUAO+Dh+sy4gT5IrrJaMxAZnEhEhjYc70K7vrmx6zngNFYyuA==",
      "license": "MIT"
    }
  }
}
